
Microsoft Visual Studio Solution File, Format Version 12.00
# Visual Studio Version 17
VisualStudioVersion = 17.4.33110.190
MinimumVisualStudioVersion = 10.0.40219.1
Project("{FAE04EC0-301F-11D3-BF4B-00C04F79EFBC}") = "ProjectFlourish", "ProjectFlourish.csproj", "{67B06999-F858-43DE-80C9-84076F2881B9}"
EndProject
Global
	GlobalSection(SolutionConfigurationPlatforms) = preSolution
		Debug|Any CPU = Debug|Any CPU
		Release|Any CPU = Release|Any CPU
	EndGlobalSection
	GlobalSection(ProjectConfigurationPlatforms) = postSolution
		{67B06999-F858-43DE-80C9-84076F2881B9}.Debug|Any CPU.ActiveCfg = Debug|Any CPU
		{67B06999-F858-43DE-80C9-84076F2881B9}.Debug|Any CPU.Build.0 = Debug|Any CPU
		{67B06999-F858-43DE-80C9-84076F2881B9}.Release|Any CPU.ActiveCfg = Release|Any CPU
		{67B06999-F858-43DE-80C9-84076F2881B9}.Release|Any CPU.Build.0 = Release|Any CPU
	EndGlobalSection
	GlobalSection(SolutionProperties) = preSolution
		HideSolutionNode = FALSE
	EndGlobalSection
	GlobalSection(ExtensibilityGlobals) = postSolution
		SolutionGuid = {970E9047-5BD8-4631-A6BB-110EB9F9E216}
	EndGlobalSection
EndGlobal
